github.com/blicero/krylib v0.0.0-20230308180103-2ef208d8985d h1:DDdGKdGf1NVImKRy4PdpIqoVgdQkdKyK9Y1VDsAcI24=
github.com/blicero/krylib v0.0.0-20230308180103-2ef208d8985d/go.mod h1:gdk/cGEYmmPxCWUnKDJNE1FytWYGaNjDMdtWQFtpSjA=
github.com/gorilla/mux v1.8.1 h1:TuBL49tXwgrFYWhqrNgrUNEY92u81SPhu7sTdzQEiWY=
github.com/gorilla/mux v1.8.1/go.mod h1:AKf9I4AEqPTmMytcMc0KkNouC66V3BtZ4qD5fmWSiMQ=
github.com/hashicorp/logutils v1.0.0 h1:dLEQVugN8vlakKOUE3ihGLTZJRB4j+M2cdTm/ORI65Y=
github.com/hashicorp/logutils v1.0.0/go.mod h1:QIAnNjmIWmVIIkWDTG1z5v++HQmx9WQRO+LraFDTW64=
github.com/mattn/go-sqlite3 v1.14.22 h1:2gZY6PC6kBnID23Tichd1K+Z0oS6nE/XwU+Vz/5o4kU=
github.com/mattn/go-sqlite3 v1.14.22/go.mod h1:Uh1q+B4BYcTPb+yiD3kU8Ct7aC0hY9fxUwlHK0RXw+Y=
github.com/mborgerson/GoTruncateHtml v0.0.0-20150507032438-125d9154cd1e h1:x+Fx2zSKFLklebiQ+/UDT1BydkU1gOVU3IQ+jUNa4S4=
github.com/mborgerson/GoTruncateHtml v0.0.0-20150507032438-125d9154cd1e/go.mod h1:mvQlKR3ZWvuE0jR2MLDzvlP2FLVkM+yqkg/+f0kWGPY=
github.com/odeke-em/go-uuid v0.0.0-20151221120446-b211d769a9aa h1:XEhClAZN5U0GUTFRgRdPNgAKO4mP++S+zbqXH+Pr9nU=
github.com/odeke-em/go-uuid v0.0.0-20151221120446-b211d769a9aa/go.mod h1:omlfAqAAOXYL53jxw8wG+G2xH7NqbkJPlDeGP9YpP6g=
